
Microsoft Visual Studio Solution File, Format Version 12.00
# Visual Studio 14
VisualStudioVersion = 14.0.24720.0
MinimumVisualStudioVersion = 10.0.40219.1
Project("{FAE04EC0-301F-11D3-BF4B-00C04F79EFBC}") = "Czat", "Czat\Czat.csproj", "{D5358BDA-410B-4CDB-85A1-A18E1022CC6E}"
EndProject
Project("{FAE04EC0-301F-11D3-BF4B-00C04F79EFBC}") = "RestApiService", "RestApiService\RestApiService.csproj", "{7C3112DC-443A-4709-A652-4CB42DD7A2CE}"
EndProject
Project("{FAE04EC0-301F-11D3-BF4B-00C04F79EFBC}") = "RestApiServiceTests", "RestApiServiceTests\RestApiServiceTests.csproj", "{B4082D08-0727-4A7A-9B32-97F7BEF16C50}"
EndProject
Project("{2150E333-8FDC-42A3-9474-1A3956D46DE8}") = "MaterialDesign", "MaterialDesign", "{8A2757A5-D2C5-4BAC-B8A2-2FA1A6563E4F}"
EndProject
Project("{FAE04EC0-301F-11D3-BF4B-00C04F79EFBC}") = "MaterialDesignColors.Wpf", "MaterialDesignColors.Wpf\MaterialDesignColors.Wpf.csproj", "{90B53209-C60C-4655-B28D-A1B3E1044BA3}"
EndProject
Project("{FAE04EC0-301F-11D3-BF4B-00C04F79EFBC}") = "MaterialDesignThemes.Wpf", "MaterialDesignThemes.Wpf\MaterialDesignThemes.Wpf.csproj", "{F079FB0A-A8ED-4216-B6A5-345756751A04}"
EndProject
Global
	GlobalSection(SolutionConfigurationPlatforms) = preSolution
		AppVeyor|Any CPU = AppVeyor|Any CPU
		AppVeyor|ARM = AppVeyor|ARM
		AppVeyor|x64 = AppVeyor|x64
		AppVeyor|x86 = AppVeyor|x86
		Debug|Any CPU = Debug|Any CPU
		Debug|ARM = Debug|ARM
		Debug|x64 = Debug|x64
		Debug|x86 = Debug|x86
		Release|Any CPU = Release|Any CPU
		Release|ARM = Release|ARM
		Release|x64 = Release|x64
		Release|x86 = Release|x86
	EndGlobalSection
	GlobalSection(ProjectConfigurationPlatforms) = postSolution
		{D5358BDA-410B-4CDB-85A1-A18E1022CC6E}.AppVeyor|Any CPU.ActiveCfg = Release|Any CPU
		{D5358BDA-410B-4CDB-85A1-A18E1022CC6E}.AppVeyor|Any CPU.Build.0 = Release|Any CPU
		{D5358BDA-410B-4CDB-85A1-A18E1022CC6E}.AppVeyor|ARM.ActiveCfg = Release|Any CPU
		{D5358BDA-410B-4CDB-85A1-A18E1022CC6E}.AppVeyor|ARM.Build.0 = Release|Any CPU
		{D5358BDA-410B-4CDB-85A1-A18E1022CC6E}.AppVeyor|x64.ActiveCfg = Release|Any CPU
		{D5358BDA-410B-4CDB-85A1-A18E1022CC6E}.AppVeyor|x64.Build.0 = Release|Any CPU
		{D5358BDA-410B-4CDB-85A1-A18E1022CC6E}.AppVeyor|x86.ActiveCfg = Release|Any CPU
		{D5358BDA-410B-4CDB-85A1-A18E1022CC6E}.AppVeyor|x86.Build.0 = Release|Any CPU
		{D5358BDA-410B-4CDB-85A1-A18E1022CC6E}.Debug|Any CPU.ActiveCfg = Debug|Any CPU
		{D5358BDA-410B-4CDB-85A1-A18E1022CC6E}.Debug|Any CPU.Build.0 = Debug|Any CPU
		{D5358BDA-410B-4CDB-85A1-A18E1022CC6E}.Debug|ARM.ActiveCfg = Debug|Any CPU
		{D5358BDA-410B-4CDB-85A1-A18E1022CC6E}.Debug|ARM.Build.0 = Debug|Any CPU
		{D5358BDA-410B-4CDB-85A1-A18E1022CC6E}.Debug|x64.ActiveCfg = Debug|Any CPU
		{D5358BDA-410B-4CDB-85A1-A18E1022CC6E}.Debug|x64.Build.0 = Debug|Any CPU
		{D5358BDA-410B-4CDB-85A1-A18E1022CC6E}.Debug|x86.ActiveCfg = Debug|Any CPU
		{D5358BDA-410B-4CDB-85A1-A18E1022CC6E}.Debug|x86.Build.0 = Debug|Any CPU
		{D5358BDA-410B-4CDB-85A1-A18E1022CC6E}.Release|Any CPU.ActiveCfg = Release|Any CPU
		{D5358BDA-410B-4CDB-85A1-A18E1022CC6E}.Release|Any CPU.Build.0 = Release|Any CPU
		{D5358BDA-410B-4CDB-85A1-A18E1022CC6E}.Release|ARM.ActiveCfg = Release|Any CPU
		{D5358BDA-410B-4CDB-85A1-A18E1022CC6E}.Release|ARM.Build.0 = Release|Any CPU
		{D5358BDA-410B-4CDB-85A1-A18E1022CC6E}.Release|x64.ActiveCfg = Release|Any CPU
		{D5358BDA-410B-4CDB-85A1-A18E1022CC6E}.Release|x64.Build.0 = Release|Any CPU
		{D5358BDA-410B-4CDB-85A1-A18E1022CC6E}.Release|x86.ActiveCfg = Release|Any CPU
		{D5358BDA-410B-4CDB-85A1-A18E1022CC6E}.Release|x86.Build.0 = Release|Any CPU
		{7C3112DC-443A-4709-A652-4CB42DD7A2CE}.AppVeyor|Any CPU.ActiveCfg = Release|Any CPU
		{7C3112DC-443A-4709-A652-4CB42DD7A2CE}.AppVeyor|Any CPU.Build.0 = Release|Any CPU
		{7C3112DC-443A-4709-A652-4CB42DD7A2CE}.AppVeyor|ARM.ActiveCfg = Release|Any CPU
		{7C3112DC-443A-4709-A652-4CB42DD7A2CE}.AppVeyor|ARM.Build.0 = Release|Any CPU
		{7C3112DC-443A-4709-A652-4CB42DD7A2CE}.AppVeyor|x64.ActiveCfg = Release|Any CPU
		{7C3112DC-443A-4709-A652-4CB42DD7A2CE}.AppVeyor|x64.Build.0 = Release|Any CPU
		{7C3112DC-443A-4709-A652-4CB42DD7A2CE}.AppVeyor|x86.ActiveCfg = Release|Any CPU
		{7C3112DC-443A-4709-A652-4CB42DD7A2CE}.AppVeyor|x86.Build.0 = Release|Any CPU
		{7C3112DC-443A-4709-A652-4CB42DD7A2CE}.Debug|Any CPU.ActiveCfg = Debug|Any CPU
		{7C3112DC-443A-4709-A652-4CB42DD7A2CE}.Debug|Any CPU.Build.0 = Debug|Any CPU
		{7C3112DC-443A-4709-A652-4CB42DD7A2CE}.Debug|ARM.ActiveCfg = Debug|Any CPU
		{7C3112DC-443A-4709-A652-4CB42DD7A2CE}.Debug|ARM.Build.0 = Debug|Any CPU
		{7C3112DC-443A-4709-A652-4CB42DD7A2CE}.Debug|x64.ActiveCfg = Debug|Any CPU
		{7C3112DC-443A-4709-A652-4CB42DD7A2CE}.Debug|x64.Build.0 = Debug|Any CPU
		{7C3112DC-443A-4709-A652-4CB42DD7A2CE}.Debug|x86.ActiveCfg = Debug|Any CPU
		{7C3112DC-443A-4709-A652-4CB42DD7A2CE}.Debug|x86.Build.0 = Debug|Any CPU
		{7C3112DC-443A-4709-A652-4CB42DD7A2CE}.Release|Any CPU.ActiveCfg = Release|Any CPU
		{7C3112DC-443A-4709-A652-4CB42DD7A2CE}.Release|Any CPU.Build.0 = Release|Any CPU
		{7C3112DC-443A-4709-A652-4CB42DD7A2CE}.Release|ARM.ActiveCfg = Release|Any CPU
		{7C3112DC-443A-4709-A652-4CB42DD7A2CE}.Release|ARM.Build.0 = Release|Any CPU
		{7C3112DC-443A-4709-A652-4CB42DD7A2CE}.Release|x64.ActiveCfg = Release|Any CPU
		{7C3112DC-443A-4709-A652-4CB42DD7A2CE}.Release|x64.Build.0 = Release|Any CPU
		{7C3112DC-443A-4709-A652-4CB42DD7A2CE}.Release|x86.ActiveCfg = Release|Any CPU
		{7C3112DC-443A-4709-A652-4CB42DD7A2CE}.Release|x86.Build.0 = Release|Any CPU
		{B4082D08-0727-4A7A-9B32-97F7BEF16C50}.AppVeyor|Any CPU.ActiveCfg = Release|Any CPU
		{B4082D08-0727-4A7A-9B32-97F7BEF16C50}.AppVeyor|Any CPU.Build.0 = Release|Any CPU
		{B4082D08-0727-4A7A-9B32-97F7BEF16C50}.AppVeyor|ARM.ActiveCfg = Release|Any CPU
		{B4082D08-0727-4A7A-9B32-97F7BEF16C50}.AppVeyor|ARM.Build.0 = Release|Any CPU
		{B4082D08-0727-4A7A-9B32-97F7BEF16C50}.AppVeyor|x64.ActiveCfg = Release|Any CPU
		{B4082D08-0727-4A7A-9B32-97F7BEF16C50}.AppVeyor|x64.Build.0 = Release|Any CPU
		{B4082D08-0727-4A7A-9B32-97F7BEF16C50}.AppVeyor|x86.ActiveCfg = Release|Any CPU
		{B4082D08-0727-4A7A-9B32-97F7BEF16C50}.AppVeyor|x86.Build.0 = Release|Any CPU
		{B4082D08-0727-4A7A-9B32-97F7BEF16C50}.Debug|Any CPU.ActiveCfg = Debug|Any CPU
		{B4082D08-0727-4A7A-9B32-97F7BEF16C50}.Debug|Any CPU.Build.0 = Debug|Any CPU
		{B4082D08-0727-4A7A-9B32-97F7BEF16C50}.Debug|ARM.ActiveCfg = Debug|Any CPU
		{B4082D08-0727-4A7A-9B32-97F7BEF16C50}.Debug|ARM.Build.0 = Debug|Any CPU
		{B4082D08-0727-4A7A-9B32-97F7BEF16C50}.Debug|x64.ActiveCfg = Debug|Any CPU
		{B4082D08-0727-4A7A-9B32-97F7BEF16C50}.Debug|x64.Build.0 = Debug|Any CPU
		{B4082D08-0727-4A7A-9B32-97F7BEF16C50}.Debug|x86.ActiveCfg = Debug|Any CPU
		{B4082D08-0727-4A7A-9B32-97F7BEF16C50}.Debug|x86.Build.0 = Debug|Any CPU
		{B4082D08-0727-4A7A-9B32-97F7BEF16C50}.Release|Any CPU.ActiveCfg = Release|Any CPU
		{B4082D08-0727-4A7A-9B32-97F7BEF16C50}.Release|Any CPU.Build.0 = Release|Any CPU
		{B4082D08-0727-4A7A-9B32-97F7BEF16C50}.Release|ARM.ActiveCfg = Release|Any CPU
		{B4082D08-0727-4A7A-9B32-97F7BEF16C50}.Release|ARM.Build.0 = Release|Any CPU
		{B4082D08-0727-4A7A-9B32-97F7BEF16C50}.Release|x64.ActiveCfg = Release|Any CPU
		{B4082D08-0727-4A7A-9B32-97F7BEF16C50}.Release|x64.Build.0 = Release|Any CPU
		{B4082D08-0727-4A7A-9B32-97F7BEF16C50}.Release|x86.ActiveCfg = Release|Any CPU
		{B4082D08-0727-4A7A-9B32-97F7BEF16C50}.Release|x86.Build.0 = Release|Any CPU
		{90B53209-C60C-4655-B28D-A1B3E1044BA3}.AppVeyor|Any CPU.ActiveCfg = AppVeyor|Any CPU
		{90B53209-C60C-4655-B28D-A1B3E1044BA3}.AppVeyor|Any CPU.Build.0 = AppVeyor|Any CPU
		{90B53209-C60C-4655-B28D-A1B3E1044BA3}.AppVeyor|ARM.ActiveCfg = AppVeyor|Any CPU
		{90B53209-C60C-4655-B28D-A1B3E1044BA3}.AppVeyor|ARM.Build.0 = AppVeyor|Any CPU
		{90B53209-C60C-4655-B28D-A1B3E1044BA3}.AppVeyor|x64.ActiveCfg = AppVeyor|Any CPU
		{90B53209-C60C-4655-B28D-A1B3E1044BA3}.AppVeyor|x64.Build.0 = AppVeyor|Any CPU
		{90B53209-C60C-4655-B28D-A1B3E1044BA3}.AppVeyor|x86.ActiveCfg = AppVeyor|Any CPU
		{90B53209-C60C-4655-B28D-A1B3E1044BA3}.AppVeyor|x86.Build.0 = AppVeyor|Any CPU
		{90B53209-C60C-4655-B28D-A1B3E1044BA3}.Debug|Any CPU.ActiveCfg = Debug|Any CPU
		{90B53209-C60C-4655-B28D-A1B3E1044BA3}.Debug|Any CPU.Build.0 = Debug|Any CPU
		{90B53209-C60C-4655-B28D-A1B3E1044BA3}.Debug|ARM.ActiveCfg = Debug|Any CPU
		{90B53209-C60C-4655-B28D-A1B3E1044BA3}.Debug|ARM.Build.0 = Debug|Any CPU
		{90B53209-C60C-4655-B28D-A1B3E1044BA3}.Debug|x64.ActiveCfg = Debug|Any CPU
		{90B53209-C60C-4655-B28D-A1B3E1044BA3}.Debug|x64.Build.0 = Debug|Any CPU
		{90B53209-C60C-4655-B28D-A1B3E1044BA3}.Debug|x86.ActiveCfg = Debug|Any CPU
		{90B53209-C60C-4655-B28D-A1B3E1044BA3}.Debug|x86.Build.0 = Debug|Any CPU
		{90B53209-C60C-4655-B28D-A1B3E1044BA3}.Release|Any CPU.ActiveCfg = Release|Any CPU
		{90B53209-C60C-4655-B28D-A1B3E1044BA3}.Release|Any CPU.Build.0 = Release|Any CPU
		{90B53209-C60C-4655-B28D-A1B3E1044BA3}.Release|ARM.ActiveCfg = Release|Any CPU
		{90B53209-C60C-4655-B28D-A1B3E1044BA3}.Release|ARM.Build.0 = Release|Any CPU
		{90B53209-C60C-4655-B28D-A1B3E1044BA3}.Release|x64.ActiveCfg = Release|Any CPU
		{90B53209-C60C-4655-B28D-A1B3E1044BA3}.Release|x64.Build.0 = Release|Any CPU
		{90B53209-C60C-4655-B28D-A1B3E1044BA3}.Release|x86.ActiveCfg = Release|Any CPU
		{90B53209-C60C-4655-B28D-A1B3E1044BA3}.Release|x86.Build.0 = Release|Any CPU
		{F079FB0A-A8ED-4216-B6A5-345756751A04}.AppVeyor|Any CPU.ActiveCfg = AppVeyor|Any CPU
		{F079FB0A-A8ED-4216-B6A5-345756751A04}.AppVeyor|Any CPU.Build.0 = AppVeyor|Any CPU
		{F079FB0A-A8ED-4216-B6A5-345756751A04}.AppVeyor|ARM.ActiveCfg = AppVeyor|Any CPU
		{F079FB0A-A8ED-4216-B6A5-345756751A04}.AppVeyor|ARM.Build.0 = AppVeyor|Any CPU
		{F079FB0A-A8ED-4216-B6A5-345756751A04}.AppVeyor|x64.ActiveCfg = AppVeyor|Any CPU
		{F079FB0A-A8ED-4216-B6A5-345756751A04}.AppVeyor|x64.Build.0 = AppVeyor|Any CPU
		{F079FB0A-A8ED-4216-B6A5-345756751A04}.AppVeyor|x86.ActiveCfg = AppVeyor|Any CPU
		{F079FB0A-A8ED-4216-B6A5-345756751A04}.AppVeyor|x86.Build.0 = AppVeyor|Any CPU
		{F079FB0A-A8ED-4216-B6A5-345756751A04}.Debug|Any CPU.ActiveCfg = Debug|Any CPU
		{F079FB0A-A8ED-4216-B6A5-345756751A04}.Debug|Any CPU.Build.0 = Debug|Any CPU
		{F079FB0A-A8ED-4216-B6A5-345756751A04}.Debug|ARM.ActiveCfg = Debug|Any CPU
		{F079FB0A-A8ED-4216-B6A5-345756751A04}.Debug|ARM.Build.0 = Debug|Any CPU
		{F079FB0A-A8ED-4216-B6A5-345756751A04}.Debug|x64.ActiveCfg = Debug|Any CPU
		{F079FB0A-A8ED-4216-B6A5-345756751A04}.Debug|x64.Build.0 = Debug|Any CPU
		{F079FB0A-A8ED-4216-B6A5-345756751A04}.Debug|x86.ActiveCfg = Debug|Any CPU
		{F079FB0A-A8ED-4216-B6A5-345756751A04}.Debug|x86.Build.0 = Debug|Any CPU
		{F079FB0A-A8ED-4216-B6A5-345756751A04}.Release|Any CPU.ActiveCfg = Release|Any CPU
		{F079FB0A-A8ED-4216-B6A5-345756751A04}.Release|Any CPU.Build.0 = Release|Any CPU
		{F079FB0A-A8ED-4216-B6A5-345756751A04}.Release|ARM.ActiveCfg = Release|Any CPU
		{F079FB0A-A8ED-4216-B6A5-345756751A04}.Release|ARM.Build.0 = Release|Any CPU
		{F079FB0A-A8ED-4216-B6A5-345756751A04}.Release|x64.ActiveCfg = Release|Any CPU
		{F079FB0A-A8ED-4216-B6A5-345756751A04}.Release|x64.Build.0 = Release|Any CPU
		{F079FB0A-A8ED-4216-B6A5-345756751A04}.Release|x86.ActiveCfg = Release|Any CPU
		{F079FB0A-A8ED-4216-B6A5-345756751A04}.Release|x86.Build.0 = Release|Any CPU
	EndGlobalSection
	GlobalSection(SolutionProperties) = preSolution
		HideSolutionNode = FALSE
	EndGlobalSection
	GlobalSection(NestedProjects) = preSolution
		{90B53209-C60C-4655-B28D-A1B3E1044BA3} = {8A2757A5-D2C5-4BAC-B8A2-2FA1A6563E4F}
		{F079FB0A-A8ED-4216-B6A5-345756751A04} = {8A2757A5-D2C5-4BAC-B8A2-2FA1A6563E4F}
	EndGlobalSection
EndGlobal
